
Microsoft Visual Studio Solution File, Format Version 12.00
# Visual Studio 2012
Project("{FAE04EC0-301F-11D3-BF4B-00C04F79EFBC}") = "Search DBX files", "Search DBX files.csproj", "{F523CC2A-7686-4AA9-8EB8-366EDE96BC2B}"
EndProject
Global
	GlobalSection(SolutionConfigurationPlatforms) = preSolution
		Debug|Any CPU = Debug|Any CPU
		Release|Any CPU = Release|Any CPU
	EndGlobalSection
	GlobalSection(ProjectConfigurationPlatforms) = postSolution
		{F523CC2A-7686-4AA9-8EB8-366EDE96BC2B}.Debug|Any CPU.ActiveCfg = Debug|Any CPU
		{F523CC2A-7686-4AA9-8EB8-366EDE96BC2B}.Debug|Any CPU.Build.0 = Debug|Any CPU
		{F523CC2A-7686-4AA9-8EB8-366EDE96BC2B}.Release|Any CPU.ActiveCfg = Release|Any CPU
		{F523CC2A-7686-4AA9-8EB8-366EDE96BC2B}.Release|Any CPU.Build.0 = Release|Any CPU
	EndGlobalSection
	GlobalSection(SolutionProperties) = preSolution
		HideSolutionNode = FALSE
	EndGlobalSection
EndGlobal
